# THIS IS AN AUTOGENERATED FILE. DO NOT EDIT THIS FILE DIRECTLY.
# yarn lockfile v1


chrome-remote-interface@^0.31.2:
  version "0.31.2"
  resolved "https://registry.yarnpkg.com/chrome-remote-interface/-/chrome-remote-interface-0.31.2.tgz#97fa391420cba0dc0ee9126334246ab377f20e98"
  integrity sha512-vpdJoI9cDRNAfV5oB2ulwXDltvu3Ov9PTblnV48VXcF4zUx1p4xvCLssc5AZ/WLYp4003YxJqLEi8FagPw2vTQ==
  dependencies:
    commander "2.11.x"
    ws "^7.2.0"

commander@2.11.x:
  version "2.11.0"
  resolved "https://registry.yarnpkg.com/commander/-/commander-2.11.0.tgz#157152fd1e7a6c8d98a5b715cf376df928004563"
  integrity sha512-b0553uYA5YAEGgyYIGYROzKQ7X5RAqedkfjiZxwi0kL1g3bOaBNNZfYkzt/CL0umgD5wc9Jec2FbB98CjkMRvQ==

ws@^7.2.0:
  version "7.5.7"
  resolved "https://registry.yarnpkg.com/ws/-/ws-7.5.7.tgz#9e0ac77ee50af70d58326ecff7e85eb3fa375e67"
  integrity sha512-KMvVuFzpKBuiIXW3E4u3mySRO2/mCHSyZDJQM5NQ9Q9KHWHWh0NHgfbRMLLrceUK5qAL4ytALJbpRMjixFZh8A==
